// !$*UTF8*$!
{
	archiveVersion = 1;
	classes = {
	};
	objectVersion = 55;
	objects = {

/* Begin PBXBuildFile section */
		6A13B7C328FAD396008DA73F /* AppDelegate.swift in Sources */ = {isa = PBXBuildFile; fileRef = 6A13B7C228FAD396008DA73F /* AppDelegate.swift */; };
		6A13B7C528FAD396008DA73F /* SceneDelegate.swift in Sources */ = {isa = PBXBuildFile; fileRef = 6A13B7C428FAD396008DA73F /* SceneDelegate.swift */; };
		6A13B7C728FAD396008DA73F /* BenefitListViewController.swift in Sources */ = {isa = PBXBuildFile; fileRef = 6A13B7C628FAD396008DA73F /* BenefitListViewController.swift */; };
		6A13B7CA28FAD396008DA73F /* Main.storyboard in Resources */ = {isa = PBXBuildFile; fileRef = 6A13B7C828FAD396008DA73F /* Main.storyboard */; };
		6A13B7CC28FAD397008DA73F /* Assets.xcassets in Resources */ = {isa = PBXBuildFile; fileRef = 6A13B7CB28FAD397008DA73F /* Assets.xcassets */; };
		6A13B7CF28FAD397008DA73F /* LaunchScreen.storyboard in Resources */ = {isa = PBXBuildFile; fileRef = 6A13B7CD28FAD397008DA73F /* LaunchScreen.storyboard */; };
		6A13B7D728FAD9D8008DA73F /* Benefit+Protocol.swift in Sources */ = {isa = PBXBuildFile; fileRef = 6A13B7D628FAD9D8008DA73F /* Benefit+Protocol.swift */; };
		6A13B7D928FAD9E4008DA73F /* MyPoint.swift in Sources */ = {isa = PBXBuildFile; fileRef = 6A13B7D828FAD9E4008DA73F /* MyPoint.swift */; };
		6A13B7DD28FAF828008DA73F /* MyPointCell.swift in Sources */ = {isa = PBXBuildFile; fileRef = 6A13B7DC28FAF828008DA73F /* MyPointCell.swift */; };
		6A13B7DF28FAF83B008DA73F /* TodayBenefitCell.swift in Sources */ = {isa = PBXBuildFile; fileRef = 6A13B7DE28FAF83B008DA73F /* TodayBenefitCell.swift */; };
		6A13B7E128FAF84D008DA73F /* OtherBenefitsCell.swift in Sources */ = {isa = PBXBuildFile; fileRef = 6A13B7E028FAF84D008DA73F /* OtherBenefitsCell.swift */; };
		6A13B7E528FC064D008DA73F /* TodayBenefit.swift in Sources */ = {isa = PBXBuildFile; fileRef = 6A13B7E428FC064D008DA73F /* TodayBenefit.swift */; };
		6A13B7E928FC0687008DA73F /* OtherBenefits.swift in Sources */ = {isa = PBXBuildFile; fileRef = 6A13B7E828FC0687008DA73F /* OtherBenefits.swift */; };
		6A13B7EE28FFC783008DA73F /* MyPointDetail.storyboard in Resources */ = {isa = PBXBuildFile; fileRef = 6A13B7ED28FFC783008DA73F /* MyPointDetail.storyboard */; };
		6A13B7F028FFC7A8008DA73F /* MyPointDetailViewController.swift in Sources */ = {isa = PBXBuildFile; fileRef = 6A13B7EF28FFC7A8008DA73F /* MyPointDetailViewController.swift */; };
		6A13B7F729000854008DA73F /* BenefitsDetail.storyboard in Resources */ = {isa = PBXBuildFile; fileRef = 6A13B7F629000854008DA73F /* BenefitsDetail.storyboard */; };
		6A13B7F92900086C008DA73F /* BenefitsDetailViewController.swift in Sources */ = {isa = PBXBuildFile; fileRef = 6A13B7F82900086C008DA73F /* BenefitsDetailViewController.swift */; };
		6A13B7FC29010392008DA73F /* BenefitDetails.swift in Sources */ = {isa = PBXBuildFile; fileRef = 6A13B7FB29010392008DA73F /* BenefitDetails.swift */; };
		6A13B7FE29018B6E008DA73F /* BenefitsGuideView.swift in Sources */ = {isa = PBXBuildFile; fileRef = 6A13B7FD29018B6E008DA73F /* BenefitsGuideView.swift */; };
		6AC997102906649D0093546D /* BenefitListViewModel.swift in Sources */ = {isa = PBXBuildFile; fileRef = 6AC9970F2906649D0093546D /* BenefitListViewModel.swift */; };
		6AC997142906844E0093546D /* MyPointDetailViewModel.swift in Sources */ = {isa = PBXBuildFile; fileRef = 6AC997132906844E0093546D /* MyPointDetailViewModel.swift */; };
/* End PBXBuildFile section */

/* Begin PBXFileReference section */
		6A13B7BF28FAD396008DA73F /* TossBenefit.app */ = {isa = PBXFileReference; explicitFileType = wrapper.application; includeInIndex = 0; path = TossBenefit.app; sourceTree = BUILT_PRODUCTS_DIR; };
		6A13B7C228FAD396008DA73F /* AppDelegate.swift */ = {isa = PBXFileReference; lastKnownFileType = sourcecode.swift; path = AppDelegate.swift; sourceTree = "<group>"; };
		6A13B7C428FAD396008DA73F /* SceneDelegate.swift */ = {isa = PBXFileReference; lastKnownFileType = sourcecode.swift; path = SceneDelegate.swift; sourceTree = "<group>"; };
		6A13B7C628FAD396008DA73F /* BenefitListViewController.swift */ = {isa = PBXFileReference; lastKnownFileType = sourcecode.swift; path = BenefitListViewController.swift; sourceTree = "<group>"; };
		6A13B7C928FAD396008DA73F /* Base */ = {isa = PBXFileReference; lastKnownFileType = file.storyboard; name = Base; path = Base.lproj/Main.storyboard; sourceTree = "<group>"; };
		6A13B7CB28FAD397008DA73F /* Assets.xcassets */ = {isa = PBXFileReference; lastKnownFileType = folder.assetcatalog; path = Assets.xcassets; sourceTree = "<group>"; };
		6A13B7CE28FAD397008DA73F /* Base */ = {isa = PBXFileReference; lastKnownFileType = file.storyboard; name = Base; path = Base.lproj/LaunchScreen.storyboard; sourceTree = "<group>"; };
		6A13B7D028FAD397008DA73F /* Info.plist */ = {isa = PBXFileReference; lastKnownFileType = text.plist.xml; path = Info.plist; sourceTree = "<group>"; };
		6A13B7D628FAD9D8008DA73F /* Benefit+Protocol.swift */ = {isa = PBXFileReference; lastKnownFileType = sourcecode.swift; path = "Benefit+Protocol.swift"; sourceTree = "<group>"; };
		6A13B7D828FAD9E4008DA73F /* MyPoint.swift */ = {isa = PBXFileReference; lastKnownFileType = sourcecode.swift; path = MyPoint.swift; sourceTree = "<group>"; };
		6A13B7DC28FAF828008DA73F /* MyPointCell.swift */ = {isa = PBXFileReference; lastKnownFileType = sourcecode.swift; path = MyPointCell.swift; sourceTree = "<group>"; };
		6A13B7DE28FAF83B008DA73F /* TodayBenefitCell.swift */ = {isa = PBXFileReference; lastKnownFileType = sourcecode.swift; path = TodayBenefitCell.swift; sourceTree = "<group>"; };
		6A13B7E028FAF84D008DA73F /* OtherBenefitsCell.swift */ = {isa = PBXFileReference; lastKnownFileType = sourcecode.swift; path = OtherBenefitsCell.swift; sourceTree = "<group>"; };
		6A13B7E428FC064D008DA73F /* TodayBenefit.swift */ = {isa = PBXFileReference; lastKnownFileType = sourcecode.swift; path = TodayBenefit.swift; sourceTree = "<group>"; };
		6A13B7E828FC0687008DA73F /* OtherBenefits.swift */ = {isa = PBXFileReference; lastKnownFileType = sourcecode.swift; path = OtherBenefits.swift; sourceTree = "<group>"; };
		6A13B7ED28FFC783008DA73F /* MyPointDetail.storyboard */ = {isa = PBXFileReference; lastKnownFileType = file.storyboard; path = MyPointDetail.storyboard; sourceTree = "<group>"; };
		6A13B7EF28FFC7A8008DA73F /* MyPointDetailViewController.swift */ = {isa = PBXFileReference; lastKnownFileType = sourcecode.swift; path = MyPointDetailViewController.swift; sourceTree = "<group>"; };
		6A13B7F629000854008DA73F /* BenefitsDetail.storyboard */ = {isa = PBXFileReference; lastKnownFileType = file.storyboard; path = BenefitsDetail.storyboard; sourceTree = "<group>"; };
		6A13B7F82900086C008DA73F /* BenefitsDetailViewController.swift */ = {isa = PBXFileReference; lastKnownFileType = sourcecode.swift; path = BenefitsDetailViewController.swift; sourceTree = "<group>"; };
		6A13B7FB29010392008DA73F /* BenefitDetails.swift */ = {isa = PBXFileReference; lastKnownFileType = sourcecode.swift; path = BenefitDetails.swift; sourceTree = "<group>"; };
		6A13B7FD29018B6E008DA73F /* BenefitsGuideView.swift */ = {isa = PBXFileReference; lastKnownFileType = sourcecode.swift; path = BenefitsGuideView.swift; sourceTree = "<group>"; };
		6AC9970F2906649D0093546D /* BenefitListViewModel.swift */ = {isa = PBXFileReference; lastKnownFileType = sourcecode.swift; path = BenefitListViewModel.swift; sourceTree = "<group>"; };
		6AC997132906844E0093546D /* MyPointDetailViewModel.swift */ = {isa = PBXFileReference; lastKnownFileType = sourcecode.swift; path = MyPointDetailViewModel.swift; sourceTree = "<group>"; };
/* End PBXFileReference section */

/* Begin PBXFrameworksBuildPhase section */
		6A13B7BC28FAD396008DA73F /* Frameworks */ = {
			isa = PBXFrameworksBuildPhase;
			buildActionMask = 2147483647;
			files = (
			);
			runOnlyForDeploymentPostprocessing = 0;
		};
/* End PBXFrameworksBuildPhase section */

/* Begin PBXGroup section */
		6A13B7B628FAD396008DA73F = {
			isa = PBXGroup;
			children = (
				6A13B7C128FAD396008DA73F /* TossBenefit */,
				6A13B7C028FAD396008DA73F /* Products */,
			);
			sourceTree = "<group>";
		};
		6A13B7C028FAD396008DA73F /* Products */ = {
			isa = PBXGroup;
			children = (
				6A13B7BF28FAD396008DA73F /* TossBenefit.app */,
			);
			name = Products;
			sourceTree = "<group>";
		};
		6A13B7C128FAD396008DA73F /* TossBenefit */ = {
			isa = PBXGroup;
			children = (
				6AC9971629069C5C0093546D /* ViewModel */,
				6AC9971529069B960093546D /* Cell */,
				6A13B7EA28FC06A6008DA73F /* Protocol */,
				6A13B7DA28FAD9F2008DA73F /* Model */,
				6A13B7DB28FADA01008DA73F /* View */,
				6A13B7C228FAD396008DA73F /* AppDelegate.swift */,
				6A13B7C428FAD396008DA73F /* SceneDelegate.swift */,
				6A13B7CB28FAD397008DA73F /* Assets.xcassets */,
				6A13B7CD28FAD397008DA73F /* LaunchScreen.storyboard */,
				6A13B7D028FAD397008DA73F /* Info.plist */,
				6A13B7F128FFC7AF008DA73F /* MyPointDetail */,
				6A13B7FA29000F1F008DA73F /* BenefitsDetail */,
			);
			path = TossBenefit;
			sourceTree = "<group>";
		};
		6A13B7DA28FAD9F2008DA73F /* Model */ = {
			isa = PBXGroup;
			children = (
				6A13B7D828FAD9E4008DA73F /* MyPoint.swift */,
				6A13B7E428FC064D008DA73F /* TodayBenefit.swift */,
				6A13B7E828FC0687008DA73F /* OtherBenefits.swift */,
				6A13B7FB29010392008DA73F /* BenefitDetails.swift */,
			);
			path = Model;
			sourceTree = "<group>";
		};
		6A13B7DB28FADA01008DA73F /* View */ = {
			isa = PBXGroup;
			children = (
				6A13B7C828FAD396008DA73F /* Main.storyboard */,
				6A13B7C628FAD396008DA73F /* BenefitListViewController.swift */,
			);
			path = View;
			sourceTree = "<group>";
		};
		6A13B7EA28FC06A6008DA73F /* Protocol */ = {
			isa = PBXGroup;
			children = (
				6A13B7D628FAD9D8008DA73F /* Benefit+Protocol.swift */,
			);
			path = Protocol;
			sourceTree = "<group>";
		};
		6A13B7F128FFC7AF008DA73F /* MyPointDetail */ = {
			isa = PBXGroup;
			children = (
				6A13B7ED28FFC783008DA73F /* MyPointDetail.storyboard */,
				6A13B7EF28FFC7A8008DA73F /* MyPointDetailViewController.swift */,
			);
			path = MyPointDetail;
			sourceTree = "<group>";
		};
		6A13B7FA29000F1F008DA73F /* BenefitsDetail */ = {
			isa = PBXGroup;
			children = (
				6A13B7F629000854008DA73F /* BenefitsDetail.storyboard */,
				6A13B7F82900086C008DA73F /* BenefitsDetailViewController.swift */,
				6A13B7FD29018B6E008DA73F /* BenefitsGuideView.swift */,
			);
			name = BenefitsDetail;
			path = TodayBenefitsDetail;
			sourceTree = "<group>";
		};
		6AC9971529069B960093546D /* Cell */ = {
			isa = PBXGroup;
			children = (
				6A13B7DC28FAF828008DA73F /* MyPointCell.swift */,
				6A13B7DE28FAF83B008DA73F /* TodayBenefitCell.swift */,
				6A13B7E028FAF84D008DA73F /* OtherBenefitsCell.swift */,
			);
			path = Cell;
			sourceTree = "<group>";
		};
		6AC9971629069C5C0093546D /* ViewModel */ = {
			isa = PBXGroup;
			children = (
				6AC9970F2906649D0093546D /* BenefitListViewModel.swift */,
				6AC997132906844E0093546D /* MyPointDetailViewModel.swift */,
			);
			path = ViewModel;
			sourceTree = "<group>";
		};
/* End PBXGroup section */

/* Begin PBXNativeTarget section */
		6A13B7BE28FAD396008DA73F /* TossBenefit */ = {
			isa = PBXNativeTarget;
			buildConfigurationList = 6A13B7D328FAD397008DA73F /* Build configuration list for PBXNativeTarget "TossBenefit" */;
			buildPhases = (
				6A13B7BB28FAD396008DA73F /* Sources */,
				6A13B7BC28FAD396008DA73F /* Frameworks */,
				6A13B7BD28FAD396008DA73F /* Resources */,
			);
			buildRules = (
			);
			dependencies = (
			);
			name = TossBenefit;
			productName = TossBenefit;
			productReference = 6A13B7BF28FAD396008DA73F /* TossBenefit.app */;
			productType = "com.apple.product-type.application";
		};
/* End PBXNativeTarget section */

/* Begin PBXProject section */
		6A13B7B728FAD396008DA73F /* Project object */ = {
			isa = PBXProject;
			attributes = {
				BuildIndependentTargetsInParallel = 1;
				LastSwiftUpdateCheck = 1330;
				LastUpgradeCheck = 1330;
				TargetAttributes = {
					6A13B7BE28FAD396008DA73F = {
						CreatedOnToolsVersion = 13.3;
					};
				};
			};
			buildConfigurationList = 6A13B7BA28FAD396008DA73F /* Build configuration list for PBXProject "TossBenefit" */;
			compatibilityVersion = "Xcode 13.0";
			developmentRegion = en;
			hasScannedForEncodings = 0;
			knownRegions = (
				en,
				Base,
			);
			mainGroup = 6A13B7B628FAD396008DA73F;
			productRefGroup = 6A13B7C028FAD396008DA73F /* Products */;
			projectDirPath = "";
			projectRoot = "";
			targets = (
				6A13B7BE28FAD396008DA73F /* TossBenefit */,
			);
		};
/* End PBXProject section */

/* Begin PBXResourcesBuildPhase section */
		6A13B7BD28FAD396008DA73F /* Resources */ = {
			isa = PBXResourcesBuildPhase;
			buildActionMask = 2147483647;
			files = (
				6A13B7CF28FAD397008DA73F /* LaunchScreen.storyboard in Resources */,
				6A13B7CC28FAD397008DA73F /* Assets.xcassets in Resources */,
				6A13B7EE28FFC783008DA73F /* MyPointDetail.storyboard in Resources */,
				6A13B7CA28FAD396008DA73F /* Main.storyboard in Resources */,
				6A13B7F729000854008DA73F /* BenefitsDetail.storyboard in Resources */,
			);
			runOnlyForDeploymentPostprocessing = 0;
		};
/* End PBXResourcesBuildPhase section */

/* Begin PBXSourcesBuildPhase section */
		6A13B7BB28FAD396008DA73F /* Sources */ = {
			isa = PBXSourcesBuildPhase;
			buildActionMask = 2147483647;
			files = (
				6A13B7E928FC0687008DA73F /* OtherBenefits.swift in Sources */,
				6A13B7D928FAD9E4008DA73F /* MyPoint.swift in Sources */,
				6A13B7E128FAF84D008DA73F /* OtherBenefitsCell.swift in Sources */,
				6A13B7FC29010392008DA73F /* BenefitDetails.swift in Sources */,
				6AC997102906649D0093546D /* BenefitListViewModel.swift in Sources */,
				6A13B7C728FAD396008DA73F /* BenefitListViewController.swift in Sources */,
				6AC997142906844E0093546D /* MyPointDetailViewModel.swift in Sources */,
				6A13B7F028FFC7A8008DA73F /* MyPointDetailViewController.swift in Sources */,
				6A13B7D728FAD9D8008DA73F /* Benefit+Protocol.swift in Sources */,
				6A13B7FE29018B6E008DA73F /* BenefitsGuideView.swift in Sources */,
				6A13B7F92900086C008DA73F /* BenefitsDetailViewController.swift in Sources */,
				6A13B7DF28FAF83B008DA73F /* TodayBenefitCell.swift in Sources */,
				6A13B7C328FAD396008DA73F /* AppDelegate.swift in Sources */,
				6A13B7DD28FAF828008DA73F /* MyPointCell.swift in Sources */,
				6A13B7E528FC064D008DA73F /* TodayBenefit.swift in Sources */,
				6A13B7C528FAD396008DA73F /* SceneDelegate.swift in Sources */,
			);
			runOnlyForDeploymentPostprocessing = 0;
		};
/* End PBXSourcesBuildPhase section */

/* Begin PBXVariantGroup section */
		6A13B7C828FAD396008DA73F /* Main.storyboard */ = {
			isa = PBXVariantGroup;
			children = (
				6A13B7C928FAD396008DA73F /* Base */,
			);
			name = Main.storyboard;
			sourceTree = "<group>";
		};
		6A13B7CD28FAD397008DA73F /* LaunchScreen.storyboard */ = {
			isa = PBXVariantGroup;
			children = (
				6A13B7CE28FAD397008DA73F /* Base */,
			);
			name = LaunchScreen.storyboard;
			sourceTree = "<group>";
		};
/* End PBXVariantGroup section */

/* Begin XCBuildConfiguration section */
		6A13B7D128FAD397008DA73F /* Debug */ = {
			isa = XCBuildConfiguration;
			buildSettings = {
				ALWAYS_SEARCH_USER_PATHS = NO;
				CLANG_ANALYZER_NONNULL = YES;
				CLANG_ANALYZER_NUMBER_OBJECT_CONVERSION = YES_AGGRESSIVE;
				CLANG_CXX_LANGUAGE_STANDARD = "gnu++17";
				CLANG_ENABLE_MODULES = YES;
				CLANG_ENABLE_OBJC_ARC = YES;
				CLANG_ENABLE_OBJC_WEAK = YES;
				CLANG_WARN_BLOCK_CAPTURE_AUTORELEASING = YES;
				CLANG_WARN_BOOL_CONVERSION = YES;
				CLANG_WARN_COMMA = YES;
				CLANG_WARN_CONSTANT_CONVERSION = YES;
				CLANG_WARN_DEPRECATED_OBJC_IMPLEMENTATIONS = YES;
				CLANG_WARN_DIRECT_OBJC_ISA_USAGE = YES_ERROR;
				CLANG_WARN_DOCUMENTATION_COMMENTS = YES;
				CLANG_WARN_EMPTY_BODY = YES;
				CLANG_WARN_ENUM_CONVERSION = YES;
				CLANG_WARN_INFINITE_RECURSION = YES;
				CLANG_WARN_INT_CONVERSION = YES;
				CLANG_WARN_NON_LITERAL_NULL_CONVERSION = YES;
				CLANG_WARN_OBJC_IMPLICIT_RETAIN_SELF = YES;
				CLANG_WARN_OBJC_LITERAL_CONVERSION = YES;
				CLANG_WARN_OBJC_ROOT_CLASS = YES_ERROR;
				CLANG_WARN_QUOTED_INCLUDE_IN_FRAMEWORK_HEADER = YES;
				CLANG_WARN_RANGE_LOOP_ANALYSIS = YES;
				CLANG_WARN_STRICT_PROTOTYPES = YES;
				CLANG_WARN_SUSPICIOUS_MOVE = YES;
				CLANG_WARN_UNGUARDED_AVAILABILITY = YES_AGGRESSIVE;
				CLANG_WARN_UNREACHABLE_CODE = YES;
				CLANG_WARN__DUPLICATE_METHOD_MATCH = YES;
				COPY_PHASE_STRIP = NO;
				DEBUG_INFORMATION_FORMAT = dwarf;
				ENABLE_STRICT_OBJC_MSGSEND = YES;
				ENABLE_TESTABILITY = YES;
				GCC_C_LANGUAGE_STANDARD = gnu11;
				GCC_DYNAMIC_NO_PIC = NO;
				GCC_NO_COMMON_BLOCKS = YES;
				GCC_OPTIMIZATION_LEVEL = 0;
				GCC_PREPROCESSOR_DEFINITIONS = (
					"DEBUG=1",
					"$(inherited)",
				);
				GCC_WARN_64_TO_32_BIT_CONVERSION = YES;
				GCC_WARN_ABOUT_RETURN_TYPE = YES_ERROR;
				GCC_WARN_UNDECLARED_SELECTOR = YES;
				GCC_WARN_UNINITIALIZED_AUTOS = YES_AGGRESSIVE;
				GCC_WARN_UNUSED_FUNCTION = YES;
				GCC_WARN_UNUSED_VARIABLE = YES;
				IPHONEOS_DEPLOYMENT_TARGET = 15.4;
				MTL_ENABLE_DEBUG_INFO = INCLUDE_SOURCE;
				MTL_FAST_MATH = YES;
				ONLY_ACTIVE_ARCH = YES;
				SDKROOT = iphoneos;
				SWIFT_ACTIVE_COMPILATION_CONDITIONS = DEBUG;
				SWIFT_OPTIMIZATION_LEVEL = "-Onone";
			};
			name = Debug;
		};
		6A13B7D228FAD397008DA73F /* Release */ = {
			isa = XCBuildConfiguration;
			buildSettings = {
				ALWAYS_SEARCH_USER_PATHS = NO;
				CLANG_ANALYZER_NONNULL = YES;
				CLANG_ANALYZER_NUMBER_OBJECT_CONVERSION = YES_AGGRESSIVE;
				CLANG_CXX_LANGUAGE_STANDARD = "gnu++17";
				CLANG_ENABLE_MODULES = YES;
				CLANG_ENABLE_OBJC_ARC = YES;
				CLANG_ENABLE_OBJC_WEAK = YES;
				CLANG_WARN_BLOCK_CAPTURE_AUTORELEASING = YES;
				CLANG_WARN_BOOL_CONVERSION = YES;
				CLANG_WARN_COMMA = YES;
				CLANG_WARN_CONSTANT_CONVERSION = YES;
				CLANG_WARN_DEPRECATED_OBJC_IMPLEMENTATIONS = YES;
				CLANG_WARN_DIRECT_OBJC_ISA_USAGE = YES_ERROR;
				CLANG_WARN_DOCUMENTATION_COMMENTS = YES;
				CLANG_WARN_EMPTY_BODY = YES;
				CLANG_WARN_ENUM_CONVERSION = YES;
				CLANG_WARN_INFINITE_RECURSION = YES;
				CLANG_WARN_INT_CONVERSION = YES;
				CLANG_WARN_NON_LITERAL_NULL_CONVERSION = YES;
				CLANG_WARN_OBJC_IMPLICIT_RETAIN_SELF = YES;
				CLANG_WARN_OBJC_LITERAL_CONVERSION = YES;
				CLANG_WARN_OBJC_ROOT_CLASS = YES_ERROR;
				CLANG_WARN_QUOTED_INCLUDE_IN_FRAMEWORK_HEADER = YES;
				CLANG_WARN_RANGE_LOOP_ANALYSIS = YES;
				CLANG_WARN_STRICT_PROTOTYPES = YES;
				CLANG_WARN_SUSPICIOUS_MOVE = YES;
				CLANG_WARN_UNGUARDED_AVAILABILITY = YES_AGGRESSIVE;
				CLANG_WARN_UNREACHABLE_CODE = YES;
				CLANG_WARN__DUPLICATE_METHOD_MATCH = YES;
				COPY_PHASE_STRIP = NO;
				DEBUG_INFORMATION_FORMAT = "dwarf-with-dsym";
				ENABLE_NS_ASSERTIONS = NO;
				ENABLE_STRICT_OBJC_MSGSEND = YES;
				GCC_C_LANGUAGE_STANDARD = gnu11;
				GCC_NO_COMMON_BLOCKS = YES;
				GCC_WARN_64_TO_32_BIT_CONVERSION = YES;
				GCC_WARN_ABOUT_RETURN_TYPE = YES_ERROR;
				GCC_WARN_UNDECLARED_SELECTOR = YES;
				GCC_WARN_UNINITIALIZED_AUTOS = YES_AGGRESSIVE;
				GCC_WARN_UNUSED_FUNCTION = YES;
				GCC_WARN_UNUSED_VARIABLE = YES;
				IPHONEOS_DEPLOYMENT_TARGET = 15.4;
				MTL_ENABLE_DEBUG_INFO = NO;
				MTL_FAST_MATH = YES;
				SDKROOT = iphoneos;
				SWIFT_COMPILATION_MODE = wholemodule;
				SWIFT_OPTIMIZATION_LEVEL = "-O";
				VALIDATE_PRODUCT = YES;
			};
			name = Release;
		};
		6A13B7D428FAD397008DA73F /* Debug */ = {
			isa = XCBuildConfiguration;
			buildSettings = {
				ASSETCATALOG_COMPILER_APPICON_NAME = AppIcon;
				ASSETCATALOG_COMPILER_GLOBAL_ACCENT_COLOR_NAME = AccentColor;
				CODE_SIGN_STYLE = Automatic;
				CURRENT_PROJECT_VERSION = 1;
				GENERATE_INFOPLIST_FILE = YES;
				INFOPLIST_FILE = TossBenefit/Info.plist;
				INFOPLIST_KEY_UIApplicationSupportsIndirectInputEvents = YES;
				INFOPLIST_KEY_UILaunchStoryboardName = LaunchScreen;
				INFOPLIST_KEY_UIMainStoryboardFile = Main;
				INFOPLIST_KEY_UISupportedInterfaceOrientations_iPad = "UIInterfaceOrientationPortrait UIInterfaceOrientationPortraitUpsideDown UIInterfaceOrientationLandscapeLeft UIInterfaceOrientationLandscapeRight";
				INFOPLIST_KEY_UISupportedInterfaceOrientations_iPhone = "UIInterfaceOrientationPortrait UIInterfaceOrientationLandscapeLeft UIInterfaceOrientationLandscapeRight";
				LD_RUNPATH_SEARCH_PATHS = (
					"$(inherited)",
					"@executable_path/Frameworks",
				);
				MARKETING_VERSION = 1.0;
				PRODUCT_BUNDLE_IDENTIFIER = com.TossBenefit;
				PRODUCT_NAME = "$(TARGET_NAME)";
				SWIFT_EMIT_LOC_STRINGS = YES;
				SWIFT_VERSION = 5.0;
				TARGETED_DEVICE_FAMILY = "1,2";
			};
			name = Debug;
		};
		6A13B7D528FAD397008DA73F /* Release */ = {
			isa = XCBuildConfiguration;
			buildSettings = {
				ASSETCATALOG_COMPILER_APPICON_NAME = AppIcon;
				ASSETCATALOG_COMPILER_GLOBAL_ACCENT_COLOR_NAME = AccentColor;
				CODE_SIGN_STYLE = Automatic;
				CURRENT_PROJECT_VERSION = 1;
				GENERATE_INFOPLIST_FILE = YES;
				INFOPLIST_FILE = TossBenefit/Info.plist;
				INFOPLIST_KEY_UIApplicationSupportsIndirectInputEvents = YES;
				INFOPLIST_KEY_UILaunchStoryboardName = LaunchScreen;
				INFOPLIST_KEY_UIMainStoryboardFile = Main;
				INFOPLIST_KEY_UISupportedInterfaceOrientations_iPad = "UIInterfaceOrientationPortrait UIInterfaceOrientationPortraitUpsideDown UIInterfaceOrientationLandscapeLeft UIInterfaceOrientationLandscapeRight";
				INFOPLIST_KEY_UISupportedInterfaceOrientations_iPhone = "UIInterfaceOrientationPortrait UIInterfaceOrientationLandscapeLeft UIInterfaceOrientationLandscapeRight";
				LD_RUNPATH_SEARCH_PATHS = (
					"$(inherited)",
					"@executable_path/Frameworks",
				);
				MARKETING_VERSION = 1.0;
				PRODUCT_BUNDLE_IDENTIFIER = com.TossBenefit;
				PRODUCT_NAME = "$(TARGET_NAME)";
				SWIFT_EMIT_LOC_STRINGS = YES;
				SWIFT_VERSION = 5.0;
				TARGETED_DEVICE_FAMILY = "1,2";
			};
			name = Release;
		};
/* End XCBuildConfiguration section */

/* Begin XCConfigurationList section */
		6A13B7BA28FAD396008DA73F /* Build configuration list for PBXProject "TossBenefit" */ = {
			isa = XCConfigurationList;
			buildConfigurations = (
				6A13B7D128FAD397008DA73F /* Debug */,
				6A13B7D228FAD397008DA73F /* Release */,
			);
			defaultConfigurationIsVisible = 0;
			defaultConfigurationName = Release;
		};
		6A13B7D328FAD397008DA73F /* Build configuration list for PBXNativeTarget "TossBenefit" */ = {
			isa = XCConfigurationList;
			buildConfigurations = (
				6A13B7D428FAD397008DA73F /* Debug */,
				6A13B7D528FAD397008DA73F /* Release */,
			);
			defaultConfigurationIsVisible = 0;
			defaultConfigurationName = Release;
		};
/* End XCConfigurationList section */
	};
	rootObject = 6A13B7B728FAD396008DA73F /* Project object */;
}
